// !$*UTF8*$!
{
	archiveVersion = 1;
	classes = {
	};
	objectVersion = 50;
	objects = {

/* Begin PBXBuildFile section */
		6816377A220E7FE100129A96 /* AppDelegate.swift in Sources */ = {isa = PBXBuildFile; fileRef = 68163779220E7FE100129A96 /* AppDelegate.swift */; };
		6816377C220E7FE100129A96 /* ViewController.swift in Sources */ = {isa = PBXBuildFile; fileRef = 6816377B220E7FE100129A96 /* ViewController.swift */; };
		6816377F220E7FE100129A96 /* Main.storyboard in Resources */ = {isa = PBXBuildFile; fileRef = 6816377D220E7FE100129A96 /* Main.storyboard */; };
		68163782220E7FE100129A96 /* cocktail_app.xcdatamodeld in Sources */ = {isa = PBXBuildFile; fileRef = 68163780220E7FE100129A96 /* cocktail_app.xcdatamodeld */; };
		68163784220E7FE200129A96 /* Assets.xcassets in Resources */ = {isa = PBXBuildFile; fileRef = 68163783220E7FE200129A96 /* Assets.xcassets */; };
		68163787220E7FE200129A96 /* LaunchScreen.storyboard in Resources */ = {isa = PBXBuildFile; fileRef = 68163785220E7FE200129A96 /* LaunchScreen.storyboard */; };
		68163792220E7FE200129A96 /* cocktail_appTests.swift in Sources */ = {isa = PBXBuildFile; fileRef = 68163791220E7FE200129A96 /* cocktail_appTests.swift */; };
		6816379D220E7FE200129A96 /* cocktail_appUITests.swift in Sources */ = {isa = PBXBuildFile; fileRef = 6816379C220E7FE200129A96 /* cocktail_appUITests.swift */; };
		681637AB220E83EB00129A96 /* CustomTableViewCell.swift in Sources */ = {isa = PBXBuildFile; fileRef = 681637AA220E83EB00129A96 /* CustomTableViewCell.swift */; };
		681637AD220E850D00129A96 /* Models.swift in Sources */ = {isa = PBXBuildFile; fileRef = 681637AC220E850D00129A96 /* Models.swift */; };
		681637AF220E8BD300129A96 /* SearchViewController.swift in Sources */ = {isa = PBXBuildFile; fileRef = 681637AE220E8BD300129A96 /* SearchViewController.swift */; };
		681637B1220F64E300129A96 /* drinks.json in Resources */ = {isa = PBXBuildFile; fileRef = 681637B0220F5F7900129A96 /* drinks.json */; };
		681637B3220F68FA00129A96 /* DrinkDetailsViewController.swift in Sources */ = {isa = PBXBuildFile; fileRef = 681637B2220F68FA00129A96 /* DrinkDetailsViewController.swift */; };
		681637B5220F6BE900129A96 /* DrinkRepository.swift in Sources */ = {isa = PBXBuildFile; fileRef = 681637B4220F6BE900129A96 /* DrinkRepository.swift */; };
		681637B7220F6EFD00129A96 /* Utilities.swift in Sources */ = {isa = PBXBuildFile; fileRef = 681637B6220F6EFD00129A96 /* Utilities.swift */; };
		681637BA220FDDCC00129A96 /* Drink.swift in Sources */ = {isa = PBXBuildFile; fileRef = 681637B9220FDDCC00129A96 /* Drink.swift */; };
/* End PBXBuildFile section */

/* Begin PBXContainerItemProxy section */
		6816378E220E7FE200129A96 /* PBXContainerItemProxy */ = {
			isa = PBXContainerItemProxy;
			containerPortal = 6816376E220E7FE100129A96 /* Project object */;
			proxyType = 1;
			remoteGlobalIDString = 68163775220E7FE100129A96;
			remoteInfo = "cocktail-app";
		};
		68163799220E7FE200129A96 /* PBXContainerItemProxy */ = {
			isa = PBXContainerItemProxy;
			containerPortal = 6816376E220E7FE100129A96 /* Project object */;
			proxyType = 1;
			remoteGlobalIDString = 68163775220E7FE100129A96;
			remoteInfo = "cocktail-app";
		};
/* End PBXContainerItemProxy section */

/* Begin PBXFileReference section */
		68163776220E7FE100129A96 /* cocktail-app.app */ = {isa = PBXFileReference; explicitFileType = wrapper.application; includeInIndex = 0; path = "cocktail-app.app"; sourceTree = BUILT_PRODUCTS_DIR; };
		68163779220E7FE100129A96 /* AppDelegate.swift */ = {isa = PBXFileReference; lastKnownFileType = sourcecode.swift; path = AppDelegate.swift; sourceTree = "<group>"; };
		6816377B220E7FE100129A96 /* ViewController.swift */ = {isa = PBXFileReference; lastKnownFileType = sourcecode.swift; path = ViewController.swift; sourceTree = "<group>"; };
		6816377E220E7FE100129A96 /* Base */ = {isa = PBXFileReference; lastKnownFileType = file.storyboard; name = Base; path = Base.lproj/Main.storyboard; sourceTree = "<group>"; };
		68163781220E7FE100129A96 /* cocktail_app.xcdatamodel */ = {isa = PBXFileReference; lastKnownFileType = wrapper.xcdatamodel; path = cocktail_app.xcdatamodel; sourceTree = "<group>"; };
		68163783220E7FE200129A96 /* Assets.xcassets */ = {isa = PBXFileReference; lastKnownFileType = folder.assetcatalog; path = Assets.xcassets; sourceTree = "<group>"; };
		68163786220E7FE200129A96 /* Base */ = {isa = PBXFileReference; lastKnownFileType = file.storyboard; name = Base; path = Base.lproj/LaunchScreen.storyboard; sourceTree = "<group>"; };
		68163788220E7FE200129A96 /* Info.plist */ = {isa = PBXFileReference; lastKnownFileType = text.plist.xml; path = Info.plist; sourceTree = "<group>"; };
		6816378D220E7FE200129A96 /* cocktail-appTests.xctest */ = {isa = PBXFileReference; explicitFileType = wrapper.cfbundle; includeInIndex = 0; path = "cocktail-appTests.xctest"; sourceTree = BUILT_PRODUCTS_DIR; };
		68163791220E7FE200129A96 /* cocktail_appTests.swift */ = {isa = PBXFileReference; lastKnownFileType = sourcecode.swift; path = cocktail_appTests.swift; sourceTree = "<group>"; };
		68163793220E7FE200129A96 /* Info.plist */ = {isa = PBXFileReference; lastKnownFileType = text.plist.xml; path = Info.plist; sourceTree = "<group>"; };
		68163798220E7FE200129A96 /* cocktail-appUITests.xctest */ = {isa = PBXFileReference; explicitFileType = wrapper.cfbundle; includeInIndex = 0; path = "cocktail-appUITests.xctest"; sourceTree = BUILT_PRODUCTS_DIR; };
		6816379C220E7FE200129A96 /* cocktail_appUITests.swift */ = {isa = PBXFileReference; lastKnownFileType = sourcecode.swift; path = cocktail_appUITests.swift; sourceTree = "<group>"; };
		6816379E220E7FE200129A96 /* Info.plist */ = {isa = PBXFileReference; lastKnownFileType = text.plist.xml; path = Info.plist; sourceTree = "<group>"; };
		681637AA220E83EB00129A96 /* CustomTableViewCell.swift */ = {isa = PBXFileReference; lastKnownFileType = sourcecode.swift; path = CustomTableViewCell.swift; sourceTree = "<group>"; };
		681637AC220E850D00129A96 /* Models.swift */ = {isa = PBXFileReference; lastKnownFileType = sourcecode.swift; path = Models.swift; sourceTree = "<group>"; };
		681637AE220E8BD300129A96 /* SearchViewController.swift */ = {isa = PBXFileReference; lastKnownFileType = sourcecode.swift; path = SearchViewController.swift; sourceTree = "<group>"; };
		681637B0220F5F7900129A96 /* drinks.json */ = {isa = PBXFileReference; lastKnownFileType = text.json; path = drinks.json; sourceTree = "<group>"; };
		681637B2220F68FA00129A96 /* DrinkDetailsViewController.swift */ = {isa = PBXFileReference; lastKnownFileType = sourcecode.swift; path = DrinkDetailsViewController.swift; sourceTree = "<group>"; };
		681637B4220F6BE900129A96 /* DrinkRepository.swift */ = {isa = PBXFileReference; lastKnownFileType = sourcecode.swift; path = DrinkRepository.swift; sourceTree = "<group>"; };
		681637B6220F6EFD00129A96 /* Utilities.swift */ = {isa = PBXFileReference; lastKnownFileType = sourcecode.swift; path = Utilities.swift; sourceTree = "<group>"; };
		681637B9220FDDCC00129A96 /* Drink.swift */ = {isa = PBXFileReference; lastKnownFileType = sourcecode.swift; path = Drink.swift; sourceTree = "<group>"; };
/* End PBXFileReference section */

/* Begin PBXFrameworksBuildPhase section */
		68163773220E7FE100129A96 /* Frameworks */ = {
			isa = PBXFrameworksBuildPhase;
			buildActionMask = 2147483647;
			files = (
			);
			runOnlyForDeploymentPostprocessing = 0;
		};
		6816378A220E7FE200129A96 /* Frameworks */ = {
			isa = PBXFrameworksBuildPhase;
			buildActionMask = 2147483647;
			files = (
			);
			runOnlyForDeploymentPostprocessing = 0;
		};
		68163795220E7FE200129A96 /* Frameworks */ = {
			isa = PBXFrameworksBuildPhase;
			buildActionMask = 2147483647;
			files = (
			);
			runOnlyForDeploymentPostprocessing = 0;
		};
/* End PBXFrameworksBuildPhase section */

/* Begin PBXGroup section */
		6816376D220E7FE100129A96 = {
			isa = PBXGroup;
			children = (
				68163778220E7FE100129A96 /* cocktail-app */,
				68163790220E7FE200129A96 /* cocktail-appTests */,
				6816379B220E7FE200129A96 /* cocktail-appUITests */,
				68163777220E7FE100129A96 /* Products */,
			);
			sourceTree = "<group>";
		};
		68163777220E7FE100129A96 /* Products */ = {
			isa = PBXGroup;
			children = (
				68163776220E7FE100129A96 /* cocktail-app.app */,
				6816378D220E7FE200129A96 /* cocktail-appTests.xctest */,
				68163798220E7FE200129A96 /* cocktail-appUITests.xctest */,
			);
			name = Products;
			sourceTree = "<group>";
		};
		68163778220E7FE100129A96 /* cocktail-app */ = {
			isa = PBXGroup;
			children = (
				681637B8220FDDBE00129A96 /* Models */,
				68163779220E7FE100129A96 /* AppDelegate.swift */,
				6816377B220E7FE100129A96 /* ViewController.swift */,
				6816377D220E7FE100129A96 /* Main.storyboard */,
				681637AE220E8BD300129A96 /* SearchViewController.swift */,
				68163783220E7FE200129A96 /* Assets.xcassets */,
				68163785220E7FE200129A96 /* LaunchScreen.storyboard */,
				68163788220E7FE200129A96 /* Info.plist */,
				681637AA220E83EB00129A96 /* CustomTableViewCell.swift */,
				681637AC220E850D00129A96 /* Models.swift */,
				681637B0220F5F7900129A96 /* drinks.json */,
				681637B2220F68FA00129A96 /* DrinkDetailsViewController.swift */,
				681637B4220F6BE900129A96 /* DrinkRepository.swift */,
				681637B6220F6EFD00129A96 /* Utilities.swift */,
			);
			path = "cocktail-app";
			sourceTree = "<group>";
		};
		68163790220E7FE200129A96 /* cocktail-appTests */ = {
			isa = PBXGroup;
			children = (
				68163791220E7FE200129A96 /* cocktail_appTests.swift */,
				68163793220E7FE200129A96 /* Info.plist */,
			);
			path = "cocktail-appTests";
			sourceTree = "<group>";
		};
		6816379B220E7FE200129A96 /* cocktail-appUITests */ = {
			isa = PBXGroup;
			children = (
				6816379C220E7FE200129A96 /* cocktail_appUITests.swift */,
				6816379E220E7FE200129A96 /* Info.plist */,
			);
			path = "cocktail-appUITests";
			sourceTree = "<group>";
		};
		681637B8220FDDBE00129A96 /* Models */ = {
			isa = PBXGroup;
			children = (
				68163780220E7FE100129A96 /* cocktail_app.xcdatamodeld */,
				681637B9220FDDCC00129A96 /* Drink.swift */,
			);
			path = Models;
			sourceTree = "<group>";
		};
/* End PBXGroup section */

/* Begin PBXNativeTarget section */
		68163775220E7FE100129A96 /* cocktail-app */ = {
			isa = PBXNativeTarget;
			buildConfigurationList = 681637A1220E7FE200129A96 /* Build configuration list for PBXNativeTarget "cocktail-app" */;
			buildPhases = (
				68163772220E7FE100129A96 /* Sources */,
				68163773220E7FE100129A96 /* Frameworks */,
				68163774220E7FE100129A96 /* Resources */,
			);
			buildRules = (
			);
			dependencies = (
			);
			name = "cocktail-app";
			productName = "cocktail-app";
			productReference = 68163776220E7FE100129A96 /* cocktail-app.app */;
			productType = "com.apple.product-type.application";
		};
		6816378C220E7FE200129A96 /* cocktail-appTests */ = {
			isa = PBXNativeTarget;
			buildConfigurationList = 681637A4220E7FE200129A96 /* Build configuration list for PBXNativeTarget "cocktail-appTests" */;
			buildPhases = (
				68163789220E7FE200129A96 /* Sources */,
				6816378A220E7FE200129A96 /* Frameworks */,
				6816378B220E7FE200129A96 /* Resources */,
			);
			buildRules = (
			);
			dependencies = (
				6816378F220E7FE200129A96 /* PBXTargetDependency */,
			);
			name = "cocktail-appTests";
			productName = "cocktail-appTests";
			productReference = 6816378D220E7FE200129A96 /* cocktail-appTests.xctest */;
			productType = "com.apple.product-type.bundle.unit-test";
		};
		68163797220E7FE200129A96 /* cocktail-appUITests */ = {
			isa = PBXNativeTarget;
			buildConfigurationList = 681637A7220E7FE200129A96 /* Build configuration list for PBXNativeTarget "cocktail-appUITests" */;
			buildPhases = (
				68163794220E7FE200129A96 /* Sources */,
				68163795220E7FE200129A96 /* Frameworks */,
				68163796220E7FE200129A96 /* Resources */,
			);
			buildRules = (
			);
			dependencies = (
				6816379A220E7FE200129A96 /* PBXTargetDependency */,
			);
			name = "cocktail-appUITests";
			productName = "cocktail-appUITests";
			productReference = 68163798220E7FE200129A96 /* cocktail-appUITests.xctest */;
			productType = "com.apple.product-type.bundle.ui-testing";
		};
/* End PBXNativeTarget section */

/* Begin PBXProject section */
		6816376E220E7FE100129A96 /* Project object */ = {
			isa = PBXProject;
			attributes = {
				LastSwiftUpdateCheck = 1010;
				LastUpgradeCheck = 1010;
				ORGANIZATIONNAME = "Colin Watson";
				TargetAttributes = {
					68163775220E7FE100129A96 = {
						CreatedOnToolsVersion = 10.1;
					};
					6816378C220E7FE200129A96 = {
						CreatedOnToolsVersion = 10.1;
						TestTargetID = 68163775220E7FE100129A96;
					};
					68163797220E7FE200129A96 = {
						CreatedOnToolsVersion = 10.1;
						TestTargetID = 68163775220E7FE100129A96;
					};
				};
			};
			buildConfigurationList = 68163771220E7FE100129A96 /* Build configuration list for PBXProject "cocktail-app" */;
			compatibilityVersion = "Xcode 9.3";
			developmentRegion = en;
			hasScannedForEncodings = 0;
			knownRegions = (
				en,
				Base,
			);
			mainGroup = 6816376D220E7FE100129A96;
			productRefGroup = 68163777220E7FE100129A96 /* Products */;
			projectDirPath = "";
			projectRoot = "";
			targets = (
				68163775220E7FE100129A96 /* cocktail-app */,
				6816378C220E7FE200129A96 /* cocktail-appTests */,
				68163797220E7FE200129A96 /* cocktail-appUITests */,
			);
		};
/* End PBXProject section */

/* Begin PBXResourcesBuildPhase section */
		68163774220E7FE100129A96 /* Resources */ = {
			isa = PBXResourcesBuildPhase;
			buildActionMask = 2147483647;
			files = (
				681637B1220F64E300129A96 /* drinks.json in Resources */,
				68163787220E7FE200129A96 /* LaunchScreen.storyboard in Resources */,
				68163784220E7FE200129A96 /* Assets.xcassets in Resources */,
				6816377F220E7FE100129A96 /* Main.storyboard in Resources */,
			);
			runOnlyForDeploymentPostprocessing = 0;
		};
		6816378B220E7FE200129A96 /* Resources */ = {
			isa = PBXResourcesBuildPhase;
			buildActionMask = 2147483647;
			files = (
			);
			runOnlyForDeploymentPostprocessing = 0;
		};
		68163796220E7FE200129A96 /* Resources */ = {
			isa = PBXResourcesBuildPhase;
			buildActionMask = 2147483647;
			files = (
			);
			runOnlyForDeploymentPostprocessing = 0;
		};
/* End PBXResourcesBuildPhase section */

/* Begin PBXSourcesBuildPhase section */
		68163772220E7FE100129A96 /* Sources */ = {
			isa = PBXSourcesBuildPhase;
			buildActionMask = 2147483647;
			files = (
				681637B5220F6BE900129A96 /* DrinkRepository.swift in Sources */,
				681637B3220F68FA00129A96 /* DrinkDetailsViewController.swift in Sources */,
				681637AF220E8BD300129A96 /* SearchViewController.swift in Sources */,
				68163782220E7FE100129A96 /* cocktail_app.xcdatamodeld in Sources */,
				6816377C220E7FE100129A96 /* ViewController.swift in Sources */,
				681637AB220E83EB00129A96 /* CustomTableViewCell.swift in Sources */,
				681637B7220F6EFD00129A96 /* Utilities.swift in Sources */,
				681637AD220E850D00129A96 /* Models.swift in Sources */,
				681637BA220FDDCC00129A96 /* Drink.swift in Sources */,
				6816377A220E7FE100129A96 /* AppDelegate.swift in Sources */,
			);
			runOnlyForDeploymentPostprocessing = 0;
		};
		68163789220E7FE200129A96 /* Sources */ = {
			isa = PBXSourcesBuildPhase;
			buildActionMask = 2147483647;
			files = (
				68163792220E7FE200129A96 /* cocktail_appTests.swift in Sources */,
			);
			runOnlyForDeploymentPostprocessing = 0;
		};
		68163794220E7FE200129A96 /* Sources */ = {
			isa = PBXSourcesBuildPhase;
			buildActionMask = 2147483647;
			files = (
				6816379D220E7FE200129A96 /* cocktail_appUITests.swift in Sources */,
			);
			runOnlyForDeploymentPostprocessing = 0;
		};
/* End PBXSourcesBuildPhase section */

/* Begin PBXTargetDependency section */
		6816378F220E7FE200129A96 /* PBXTargetDependency */ = {
			isa = PBXTargetDependency;
			target = 68163775220E7FE100129A96 /* cocktail-app */;
			targetProxy = 6816378E220E7FE200129A96 /* PBXContainerItemProxy */;
		};
		6816379A220E7FE200129A96 /* PBXTargetDependency */ = {
			isa = PBXTargetDependency;
			target = 68163775220E7FE100129A96 /* cocktail-app */;
			targetProxy = 68163799220E7FE200129A96 /* PBXContainerItemProxy */;
		};
/* End PBXTargetDependency section */

/* Begin PBXVariantGroup section */
		6816377D220E7FE100129A96 /* Main.storyboard */ = {
			isa = PBXVariantGroup;
			children = (
				6816377E220E7FE100129A96 /* Base */,
			);
			name = Main.storyboard;
			sourceTree = "<group>";
		};
		68163785220E7FE200129A96 /* LaunchScreen.storyboard */ = {
			isa = PBXVariantGroup;
			children = (
				68163786220E7FE200129A96 /* Base */,
			);
			name = LaunchScreen.storyboard;
			sourceTree = "<group>";
		};
/* End PBXVariantGroup section */

/* Begin XCBuildConfiguration section */
		6816379F220E7FE200129A96 /* Debug */ = {
			isa = XCBuildConfiguration;
			buildSettings = {
				ALWAYS_SEARCH_USER_PATHS = NO;
				CLANG_ANALYZER_NONNULL = YES;
				CLANG_ANALYZER_NUMBER_OBJECT_CONVERSION = YES_AGGRESSIVE;
				CLANG_CXX_LANGUAGE_STANDARD = "gnu++14";
				CLANG_CXX_LIBRARY = "libc++";
				CLANG_ENABLE_MODULES = YES;
				CLANG_ENABLE_OBJC_ARC = YES;
				CLANG_ENABLE_OBJC_WEAK = YES;
				CLANG_WARN_BLOCK_CAPTURE_AUTORELEASING = YES;
				CLANG_WARN_BOOL_CONVERSION = YES;
				CLANG_WARN_COMMA = YES;
				CLANG_WARN_CONSTANT_CONVERSION = YES;
				CLANG_WARN_DEPRECATED_OBJC_IMPLEMENTATIONS = YES;
				CLANG_WARN_DIRECT_OBJC_ISA_USAGE = YES_ERROR;
				CLANG_WARN_DOCUMENTATION_COMMENTS = YES;
				CLANG_WARN_EMPTY_BODY = YES;
				CLANG_WARN_ENUM_CONVERSION = YES;
				CLANG_WARN_INFINITE_RECURSION = YES;
				CLANG_WARN_INT_CONVERSION = YES;
				CLANG_WARN_NON_LITERAL_NULL_CONVERSION = YES;
				CLANG_WARN_OBJC_IMPLICIT_RETAIN_SELF = YES;
				CLANG_WARN_OBJC_LITERAL_CONVERSION = YES;
				CLANG_WARN_OBJC_ROOT_CLASS = YES_ERROR;
				CLANG_WARN_RANGE_LOOP_ANALYSIS = YES;
				CLANG_WARN_STRICT_PROTOTYPES = YES;
				CLANG_WARN_SUSPICIOUS_MOVE = YES;
				CLANG_WARN_UNGUARDED_AVAILABILITY = YES_AGGRESSIVE;
				CLANG_WARN_UNREACHABLE_CODE = YES;
				CLANG_WARN__DUPLICATE_METHOD_MATCH = YES;
				CODE_SIGN_IDENTITY = "iPhone Developer";
				COPY_PHASE_STRIP = NO;
				DEBUG_INFORMATION_FORMAT = dwarf;
				ENABLE_STRICT_OBJC_MSGSEND = YES;
				ENABLE_TESTABILITY = YES;
				GCC_C_LANGUAGE_STANDARD = gnu11;
				GCC_DYNAMIC_NO_PIC = NO;
				GCC_NO_COMMON_BLOCKS = YES;
				GCC_OPTIMIZATION_LEVEL = 0;
				GCC_PREPROCESSOR_DEFINITIONS = (
					"DEBUG=1",
					"$(inherited)",
				);
				GCC_WARN_64_TO_32_BIT_CONVERSION = YES;
				GCC_WARN_ABOUT_RETURN_TYPE = YES_ERROR;
				GCC_WARN_UNDECLARED_SELECTOR = YES;
				GCC_WARN_UNINITIALIZED_AUTOS = YES_AGGRESSIVE;
				GCC_WARN_UNUSED_FUNCTION = YES;
				GCC_WARN_UNUSED_VARIABLE = YES;
				IPHONEOS_DEPLOYMENT_TARGET = 12.1;
				MTL_ENABLE_DEBUG_INFO = INCLUDE_SOURCE;
				MTL_FAST_MATH = YES;
				ONLY_ACTIVE_ARCH = YES;
				SDKROOT = iphoneos;
				SWIFT_ACTIVE_COMPILATION_CONDITIONS = DEBUG;
				SWIFT_OPTIMIZATION_LEVEL = "-Onone";
			};
			name = Debug;
		};
		681637A0220E7FE200129A96 /* Release */ = {
			isa = XCBuildConfiguration;
			buildSettings = {
				ALWAYS_SEARCH_USER_PATHS = NO;
				CLANG_ANALYZER_NONNULL = YES;
				CLANG_ANALYZER_NUMBER_OBJECT_CONVERSION = YES_AGGRESSIVE;
				CLANG_CXX_LANGUAGE_STANDARD = "gnu++14";
				CLANG_CXX_LIBRARY = "libc++";
				CLANG_ENABLE_MODULES = YES;
				CLANG_ENABLE_OBJC_ARC = YES;
				CLANG_ENABLE_OBJC_WEAK = YES;
				CLANG_WARN_BLOCK_CAPTURE_AUTORELEASING = YES;
				CLANG_WARN_BOOL_CONVERSION = YES;
				CLANG_WARN_COMMA = YES;
				CLANG_WARN_CONSTANT_CONVERSION = YES;
				CLANG_WARN_DEPRECATED_OBJC_IMPLEMENTATIONS = YES;
				CLANG_WARN_DIRECT_OBJC_ISA_USAGE = YES_ERROR;
				CLANG_WARN_DOCUMENTATION_COMMENTS = YES;
				CLANG_WARN_EMPTY_BODY = YES;
				CLANG_WARN_ENUM_CONVERSION = YES;
				CLANG_WARN_INFINITE_RECURSION = YES;
				CLANG_WARN_INT_CONVERSION = YES;
				CLANG_WARN_NON_LITERAL_NULL_CONVERSION = YES;
				CLANG_WARN_OBJC_IMPLICIT_RETAIN_SELF = YES;
				CLANG_WARN_OBJC_LITERAL_CONVERSION = YES;
				CLANG_WARN_OBJC_ROOT_CLASS = YES_ERROR;
				CLANG_WARN_RANGE_LOOP_ANALYSIS = YES;
				CLANG_WARN_STRICT_PROTOTYPES = YES;
				CLANG_WARN_SUSPICIOUS_MOVE = YES;
				CLANG_WARN_UNGUARDED_AVAILABILITY = YES_AGGRESSIVE;
				CLANG_WARN_UNREACHABLE_CODE = YES;
				CLANG_WARN__DUPLICATE_METHOD_MATCH = YES;
				CODE_SIGN_IDENTITY = "iPhone Developer";
				COPY_PHASE_STRIP = NO;
				DEBUG_INFORMATION_FORMAT = "dwarf-with-dsym";
				ENABLE_NS_ASSERTIONS = NO;
				ENABLE_STRICT_OBJC_MSGSEND = YES;
				GCC_C_LANGUAGE_STANDARD = gnu11;
				GCC_NO_COMMON_BLOCKS = YES;
				GCC_WARN_64_TO_32_BIT_CONVERSION = YES;
				GCC_WARN_ABOUT_RETURN_TYPE = YES_ERROR;
				GCC_WARN_UNDECLARED_SELECTOR = YES;
				GCC_WARN_UNINITIALIZED_AUTOS = YES_AGGRESSIVE;
				GCC_WARN_UNUSED_FUNCTION = YES;
				GCC_WARN_UNUSED_VARIABLE = YES;
				IPHONEOS_DEPLOYMENT_TARGET = 12.1;
				MTL_ENABLE_DEBUG_INFO = NO;
				MTL_FAST_MATH = YES;
				SDKROOT = iphoneos;
				SWIFT_COMPILATION_MODE = wholemodule;
				SWIFT_OPTIMIZATION_LEVEL = "-O";
				VALIDATE_PRODUCT = YES;
			};
			name = Release;
		};
		681637A2220E7FE200129A96 /* Debug */ = {
			isa = XCBuildConfiguration;
			buildSettings = {
				ASSETCATALOG_COMPILER_APPICON_NAME = AppIcon;
				CODE_SIGN_STYLE = Automatic;
				DEVELOPMENT_TEAM = M7PCWQ7WYN;
				INFOPLIST_FILE = "cocktail-app/Info.plist";
				LD_RUNPATH_SEARCH_PATHS = (
					"$(inherited)",
					"@executable_path/Frameworks",
				);
				PRODUCT_BUNDLE_IDENTIFIER = "com.cocktail-app";
				PRODUCT_NAME = "$(TARGET_NAME)";
				SWIFT_VERSION = 4.2;
				TARGETED_DEVICE_FAMILY = "1,2";
			};
			name = Debug;
		};
		681637A3220E7FE200129A96 /* Release */ = {
			isa = XCBuildConfiguration;
			buildSettings = {
				ASSETCATALOG_COMPILER_APPICON_NAME = AppIcon;
				CODE_SIGN_STYLE = Automatic;
				DEVELOPMENT_TEAM = M7PCWQ7WYN;
				INFOPLIST_FILE = "cocktail-app/Info.plist";
				LD_RUNPATH_SEARCH_PATHS = (
					"$(inherited)",
					"@executable_path/Frameworks",
				);
				PRODUCT_BUNDLE_IDENTIFIER = "com.cocktail-app";
				PRODUCT_NAME = "$(TARGET_NAME)";
				SWIFT_VERSION = 4.2;
				TARGETED_DEVICE_FAMILY = "1,2";
			};
			name = Release;
		};
		681637A5220E7FE200129A96 /* Debug */ = {
			isa = XCBuildConfiguration;
			buildSettings = {
				ALWAYS_EMBED_SWIFT_STANDARD_LIBRARIES = YES;
				BUNDLE_LOADER = "$(TEST_HOST)";
				CODE_SIGN_STYLE = Automatic;
				DEVELOPMENT_TEAM = M7PCWQ7WYN;
				INFOPLIST_FILE = "cocktail-appTests/Info.plist";
				LD_RUNPATH_SEARCH_PATHS = (
					"$(inherited)",
					"@executable_path/Frameworks",
					"@loader_path/Frameworks",
				);
				PRODUCT_BUNDLE_IDENTIFIER = "com.cocktail-appTests";
				PRODUCT_NAME = "$(TARGET_NAME)";
				SWIFT_VERSION = 4.2;
				TARGETED_DEVICE_FAMILY = "1,2";
				TEST_HOST = "$(BUILT_PRODUCTS_DIR)/cocktail-app.app/cocktail-app";
			};
			name = Debug;
		};
		681637A6220E7FE200129A96 /* Release */ = {
			isa = XCBuildConfiguration;
			buildSettings = {
				ALWAYS_EMBED_SWIFT_STANDARD_LIBRARIES = YES;
				BUNDLE_LOADER = "$(TEST_HOST)";
				CODE_SIGN_STYLE = Automatic;
				DEVELOPMENT_TEAM = M7PCWQ7WYN;
				INFOPLIST_FILE = "cocktail-appTests/Info.plist";
				LD_RUNPATH_SEARCH_PATHS = (
					"$(inherited)",
					"@executable_path/Frameworks",
					"@loader_path/Frameworks",
				);
				PRODUCT_BUNDLE_IDENTIFIER = "com.cocktail-appTests";
				PRODUCT_NAME = "$(TARGET_NAME)";
				SWIFT_VERSION = 4.2;
				TARGETED_DEVICE_FAMILY = "1,2";
				TEST_HOST = "$(BUILT_PRODUCTS_DIR)/cocktail-app.app/cocktail-app";
			};
			name = Release;
		};
		681637A8220E7FE200129A96 /* Debug */ = {
			isa = XCBuildConfiguration;
			buildSettings = {
				ALWAYS_EMBED_SWIFT_STANDARD_LIBRARIES = YES;
				CODE_SIGN_STYLE = Automatic;
				DEVELOPMENT_TEAM = M7PCWQ7WYN;
				INFOPLIST_FILE = "cocktail-appUITests/Info.plist";
				LD_RUNPATH_SEARCH_PATHS = (
					"$(inherited)",
					"@executable_path/Frameworks",
					"@loader_path/Frameworks",
				);
				PRODUCT_BUNDLE_IDENTIFIER = "com.cocktail-appUITests";
				PRODUCT_NAME = "$(TARGET_NAME)";
				SWIFT_VERSION = 4.2;
				TARGETED_DEVICE_FAMILY = "1,2";
				TEST_TARGET_NAME = "cocktail-app";
			};
			name = Debug;
		};
		681637A9220E7FE200129A96 /* Release */ = {
			isa = XCBuildConfiguration;
			buildSettings = {
				ALWAYS_EMBED_SWIFT_STANDARD_LIBRARIES = YES;
				CODE_SIGN_STYLE = Automatic;
				DEVELOPMENT_TEAM = M7PCWQ7WYN;
				INFOPLIST_FILE = "cocktail-appUITests/Info.plist";
				LD_RUNPATH_SEARCH_PATHS = (
					"$(inherited)",
					"@executable_path/Frameworks",
					"@loader_path/Frameworks",
				);
				PRODUCT_BUNDLE_IDENTIFIER = "com.cocktail-appUITests";
				PRODUCT_NAME = "$(TARGET_NAME)";
				SWIFT_VERSION = 4.2;
				TARGETED_DEVICE_FAMILY = "1,2";
				TEST_TARGET_NAME = "cocktail-app";
			};
			name = Release;
		};
/* End XCBuildConfiguration section */

/* Begin XCConfigurationList section */
		68163771220E7FE100129A96 /* Build configuration list for PBXProject "cocktail-app" */ = {
			isa = XCConfigurationList;
			buildConfigurations = (
				6816379F220E7FE200129A96 /* Debug */,
				681637A0220E7FE200129A96 /* Release */,
			);
			defaultConfigurationIsVisible = 0;
			defaultConfigurationName = Release;
		};
		681637A1220E7FE200129A96 /* Build configuration list for PBXNativeTarget "cocktail-app" */ = {
			isa = XCConfigurationList;
			buildConfigurations = (
				681637A2220E7FE200129A96 /* Debug */,
				681637A3220E7FE200129A96 /* Release */,
			);
			defaultConfigurationIsVisible = 0;
			defaultConfigurationName = Release;
		};
		681637A4220E7FE200129A96 /* Build configuration list for PBXNativeTarget "cocktail-appTests" */ = {
			isa = XCConfigurationList;
			buildConfigurations = (
				681637A5220E7FE200129A96 /* Debug */,
				681637A6220E7FE200129A96 /* Release */,
			);
			defaultConfigurationIsVisible = 0;
			defaultConfigurationName = Release;
		};
		681637A7220E7FE200129A96 /* Build configuration list for PBXNativeTarget "cocktail-appUITests" */ = {
			isa = XCConfigurationList;
			buildConfigurations = (
				681637A8220E7FE200129A96 /* Debug */,
				681637A9220E7FE200129A96 /* Release */,
			);
			defaultConfigurationIsVisible = 0;
			defaultConfigurationName = Release;
		};
/* End XCConfigurationList section */

/* Begin XCVersionGroup section */
		68163780220E7FE100129A96 /* cocktail_app.xcdatamodeld */ = {
			isa = XCVersionGroup;
			children = (
				68163781220E7FE100129A96 /* cocktail_app.xcdatamodel */,
			);
			currentVersion = 68163781220E7FE100129A96 /* cocktail_app.xcdatamodel */;
			path = cocktail_app.xcdatamodeld;
			sourceTree = "<group>";
			versionGroupType = wrapper.xcdatamodel;
		};
/* End XCVersionGroup section */
	};
	rootObject = 6816376E220E7FE100129A96 /* Project object */;
}
